
Microsoft Visual Studio Solution File, Format Version 12.00
# Visual Studio Version 16
VisualStudioVersion = 16.0.31702.278
MinimumVisualStudioVersion = 10.0.40219.1
Project("{9A19103F-16F7-4668-BE54-9A1E7A4F7556}") = "Lesson1", "Lesson1\Lesson1.csproj", "{5B03D438-98FD-4F7C-AF0A-BF043ECB950F}"
EndProject
Project("{9A19103F-16F7-4668-BE54-9A1E7A4F7556}") = "Lesson2", "Lesson2\Lesson2.csproj", "{0A3E135D-9856-4400-BE0A-3E96952668C6}"
EndProject
Project("{9A19103F-16F7-4668-BE54-9A1E7A4F7556}") = "Lesson3", "Lesson3\Lesson3.csproj", "{AF19CEC9-7E9D-4F9A-9E15-AA154F54AF8B}"
EndProject
Project("{FAE04EC0-301F-11D3-BF4B-00C04F79EFBC}") = "Lesson4", "Lesson4\Lesson4.csproj", "{C10576F7-36FF-4819-9C84-37A541B6F66D}"
EndProject
Global
	GlobalSection(SolutionConfigurationPlatforms) = preSolution
		Debug|Any CPU = Debug|Any CPU
		Release|Any CPU = Release|Any CPU
	EndGlobalSection
	GlobalSection(ProjectConfigurationPlatforms) = postSolution
		{5B03D438-98FD-4F7C-AF0A-BF043ECB950F}.Debug|Any CPU.ActiveCfg = Debug|Any CPU
		{5B03D438-98FD-4F7C-AF0A-BF043ECB950F}.Debug|Any CPU.Build.0 = Debug|Any CPU
		{5B03D438-98FD-4F7C-AF0A-BF043ECB950F}.Release|Any CPU.ActiveCfg = Release|Any CPU
		{5B03D438-98FD-4F7C-AF0A-BF043ECB950F}.Release|Any CPU.Build.0 = Release|Any CPU
		{0A3E135D-9856-4400-BE0A-3E96952668C6}.Debug|Any CPU.ActiveCfg = Debug|Any CPU
		{0A3E135D-9856-4400-BE0A-3E96952668C6}.Debug|Any CPU.Build.0 = Debug|Any CPU
		{0A3E135D-9856-4400-BE0A-3E96952668C6}.Release|Any CPU.ActiveCfg = Release|Any CPU
		{0A3E135D-9856-4400-BE0A-3E96952668C6}.Release|Any CPU.Build.0 = Release|Any CPU
		{AF19CEC9-7E9D-4F9A-9E15-AA154F54AF8B}.Debug|Any CPU.ActiveCfg = Debug|Any CPU
		{AF19CEC9-7E9D-4F9A-9E15-AA154F54AF8B}.Debug|Any CPU.Build.0 = Debug|Any CPU
		{AF19CEC9-7E9D-4F9A-9E15-AA154F54AF8B}.Release|Any CPU.ActiveCfg = Release|Any CPU
		{AF19CEC9-7E9D-4F9A-9E15-AA154F54AF8B}.Release|Any CPU.Build.0 = Release|Any CPU
		{C10576F7-36FF-4819-9C84-37A541B6F66D}.Debug|Any CPU.ActiveCfg = Debug|Any CPU
		{C10576F7-36FF-4819-9C84-37A541B6F66D}.Debug|Any CPU.Build.0 = Debug|Any CPU
		{C10576F7-36FF-4819-9C84-37A541B6F66D}.Release|Any CPU.ActiveCfg = Release|Any CPU
		{C10576F7-36FF-4819-9C84-37A541B6F66D}.Release|Any CPU.Build.0 = Release|Any CPU
	EndGlobalSection
	GlobalSection(SolutionProperties) = preSolution
		HideSolutionNode = FALSE
	EndGlobalSection
	GlobalSection(ExtensibilityGlobals) = postSolution
		SolutionGuid = {77C64B29-E70C-4413-8C34-B6C6682291FF}
	EndGlobalSection
EndGlobal
